
Microsoft Visual Studio Solution File, Format Version 12.00
# Visual Studio for Mac
Project("{FAE04EC0-301F-11D3-BF4B-00C04F79EFBC}") = "strangeMen-master", "strangeMen-master.csproj", "{A68AA49A-615A-7B82-C1ED-4143902D4FBD}"
EndProject
Global
	GlobalSection(SolutionConfigurationPlatforms) = preSolution
		Debug|Any CPU = Debug|Any CPU
		Release|Any CPU = Release|Any CPU
	EndGlobalSection
	GlobalSection(ProjectConfigurationPlatforms) = postSolution
		{A68AA49A-615A-7B82-C1ED-4143902D4FBD}.Debug|Any CPU.ActiveCfg = Debug|Any CPU
		{A68AA49A-615A-7B82-C1ED-4143902D4FBD}.Debug|Any CPU.Build.0 = Debug|Any CPU
		{A68AA49A-615A-7B82-C1ED-4143902D4FBD}.Release|Any CPU.ActiveCfg = Release|Any CPU
		{A68AA49A-615A-7B82-C1ED-4143902D4FBD}.Release|Any CPU.Build.0 = Release|Any CPU
	EndGlobalSection
	GlobalSection(SolutionProperties) = preSolution
		HideSolutionNode = FALSE
	EndGlobalSection
EndGlobal
